// !$*UTF8*$!
{
	archiveVersion = 1;
	classes = {
	};
	objectVersion = 46;
	objects = {

/* Begin PBXBuildFile section */
		C20599D6171598AD00071259 /* UIKit.framework in Frameworks */ = {isa = PBXBuildFile; fileRef = C20599D5171598AD00071259 /* UIKit.framework */; };
		C20599D8171598AD00071259 /* Foundation.framework in Frameworks */ = {isa = PBXBuildFile; fileRef = C20599D7171598AD00071259 /* Foundation.framework */; };
		C20599DA171598AD00071259 /* CoreGraphics.framework in Frameworks */ = {isa = PBXBuildFile; fileRef = C20599D9171598AD00071259 /* CoreGraphics.framework */; };
		C20599E0171598AD00071259 /* InfoPlist.strings in Resources */ = {isa = PBXBuildFile; fileRef = C20599DE171598AD00071259 /* InfoPlist.strings */; };
		C20599E2171598AD00071259 /* main.m in Sources */ = {isa = PBXBuildFile; fileRef = C20599E1171598AD00071259 /* main.m */; };
		C20599E6171598AD00071259 /* AppDelegate.m in Sources */ = {isa = PBXBuildFile; fileRef = C20599E5171598AD00071259 /* AppDelegate.m */; };
		C20599E8171598AD00071259 /* Default.png in Resources */ = {isa = PBXBuildFile; fileRef = C20599E7171598AD00071259 /* Default.png */; };
		C20599EA171598AD00071259 /* Default@2x.png in Resources */ = {isa = PBXBuildFile; fileRef = C20599E9171598AD00071259 /* Default@2x.png */; };
		C20599EC171598AD00071259 /* Default-568h@2x.png in Resources */ = {isa = PBXBuildFile; fileRef = C20599EB171598AD00071259 /* Default-568h@2x.png */; };
		C20599EF171598AD00071259 /* MainStoryboard_iPhone.storyboard in Resources */ = {isa = PBXBuildFile; fileRef = C20599ED171598AD00071259 /* MainStoryboard_iPhone.storyboard */; };
		C20599F2171598AD00071259 /* MainStoryboard_iPad.storyboard in Resources */ = {isa = PBXBuildFile; fileRef = C20599F0171598AD00071259 /* MainStoryboard_iPad.storyboard */; };
		C20599F5171598AD00071259 /* ViewController.m in Sources */ = {isa = PBXBuildFile; fileRef = C20599F4171598AD00071259 /* ViewController.m */; };
/* End PBXBuildFile section */

/* Begin PBXFileReference section */
		C20599D2171598AD00071259 /* RemoveObjectsForKeySample.app */ = {isa = PBXFileReference; explicitFileType = wrapper.application; includeInIndex = 0; path = RemoveObjectsForKeySample.app; sourceTree = BUILT_PRODUCTS_DIR; };
		C20599D5171598AD00071259 /* UIKit.framework */ = {isa = PBXFileReference; lastKnownFileType = wrapper.framework; name = UIKit.framework; path = System/Library/Frameworks/UIKit.framework; sourceTree = SDKROOT; };
		C20599D7171598AD00071259 /* Foundation.framework */ = {isa = PBXFileReference; lastKnownFileType = wrapper.framework; name = Foundation.framework; path = System/Library/Frameworks/Foundation.framework; sourceTree = SDKROOT; };
		C20599D9171598AD00071259 /* CoreGraphics.framework */ = {isa = PBXFileReference; lastKnownFileType = wrapper.framework; name = CoreGraphics.framework; path = System/Library/Frameworks/CoreGraphics.framework; sourceTree = SDKROOT; };
		C20599DD171598AD00071259 /* RemoveObjectsForKeySample-Info.plist */ = {isa = PBXFileReference; lastKnownFileType = text.plist.xml; path = "RemoveObjectsForKeySample-Info.plist"; sourceTree = "<group>"; };
		C20599DF171598AD00071259 /* en */ = {isa = PBXFileReference; lastKnownFileType = text.plist.strings; name = en; path = en.lproj/InfoPlist.strings; sourceTree = "<group>"; };
		C20599E1171598AD00071259 /* main.m */ = {isa = PBXFileReference; lastKnownFileType = sourcecode.c.objc; path = main.m; sourceTree = "<group>"; };
		C20599E3171598AD00071259 /* RemoveObjectsForKeySample-Prefix.pch */ = {isa = PBXFileReference; lastKnownFileType = sourcecode.c.h; path = "RemoveObjectsForKeySample-Prefix.pch"; sourceTree = "<group>"; };
		C20599E4171598AD00071259 /* AppDelegate.h */ = {isa = PBXFileReference; lastKnownFileType = sourcecode.c.h; path = AppDelegate.h; sourceTree = "<group>"; };
		C20599E5171598AD00071259 /* AppDelegate.m */ = {isa = PBXFileReference; lastKnownFileType = sourcecode.c.objc; path = AppDelegate.m; sourceTree = "<group>"; };
		C20599E7171598AD00071259 /* Default.png */ = {isa = PBXFileReference; lastKnownFileType = image.png; path = Default.png; sourceTree = "<group>"; };
		C20599E9171598AD00071259 /* Default@2x.png */ = {isa = PBXFileReference; lastKnownFileType = image.png; path = "Default@2x.png"; sourceTree = "<group>"; };
		C20599EB171598AD00071259 /* Default-568h@2x.png */ = {isa = PBXFileReference; lastKnownFileType = image.png; path = "Default-568h@2x.png"; sourceTree = "<group>"; };
		C20599EE171598AD00071259 /* en */ = {isa = PBXFileReference; lastKnownFileType = file.storyboard; name = en; path = en.lproj/MainStoryboard_iPhone.storyboard; sourceTree = "<group>"; };
		C20599F1171598AD00071259 /* en */ = {isa = PBXFileReference; lastKnownFileType = file.storyboard; name = en; path = en.lproj/MainStoryboard_iPad.storyboard; sourceTree = "<group>"; };
		C20599F3171598AD00071259 /* ViewController.h */ = {isa = PBXFileReference; lastKnownFileType = sourcecode.c.h; path = ViewController.h; sourceTree = "<group>"; };
		C20599F4171598AD00071259 /* ViewController.m */ = {isa = PBXFileReference; lastKnownFileType = sourcecode.c.objc; path = ViewController.m; sourceTree = "<group>"; };
/* End PBXFileReference section */

/* Begin PBXFrameworksBuildPhase section */
		C20599CF171598AD00071259 /* Frameworks */ = {
			isa = PBXFrameworksBuildPhase;
			buildActionMask = 2147483647;
			files = (
				C20599D6171598AD00071259 /* UIKit.framework in Frameworks */,
				C20599D8171598AD00071259 /* Foundation.framework in Frameworks */,
				C20599DA171598AD00071259 /* CoreGraphics.framework in Frameworks */,
			);
			runOnlyForDeploymentPostprocessing = 0;
		};
/* End PBXFrameworksBuildPhase section */

/* Begin PBXGroup section */
		C20599C9171598AD00071259 = {
			isa = PBXGroup;
			children = (
				C20599DB171598AD00071259 /* RemoveObjectsForKeySample */,
				C20599D4171598AD00071259 /* Frameworks */,
				C20599D3171598AD00071259 /* Products */,
			);
			sourceTree = "<group>";
		};
		C20599D3171598AD00071259 /* Products */ = {
			isa = PBXGroup;
			children = (
				C20599D2171598AD00071259 /* RemoveObjectsForKeySample.app */,
			);
			name = Products;
			sourceTree = "<group>";
		};
		C20599D4171598AD00071259 /* Frameworks */ = {
			isa = PBXGroup;
			children = (
				C20599D5171598AD00071259 /* UIKit.framework */,
				C20599D7171598AD00071259 /* Foundation.framework */,
				C20599D9171598AD00071259 /* CoreGraphics.framework */,
			);
			name = Frameworks;
			sourceTree = "<group>";
		};
		C20599DB171598AD00071259 /* RemoveObjectsForKeySample */ = {
			isa = PBXGroup;
			children = (
				C20599E4171598AD00071259 /* AppDelegate.h */,
				C20599E5171598AD00071259 /* AppDelegate.m */,
				C20599ED171598AD00071259 /* MainStoryboard_iPhone.storyboard */,
				C20599F0171598AD00071259 /* MainStoryboard_iPad.storyboard */,
				C20599F3171598AD00071259 /* ViewController.h */,
				C20599F4171598AD00071259 /* ViewController.m */,
				C20599DC171598AD00071259 /* Supporting Files */,
			);
			path = RemoveObjectsForKeySample;
			sourceTree = "<group>";
		};
		C20599DC171598AD00071259 /* Supporting Files */ = {
			isa = PBXGroup;
			children = (
				C20599DD171598AD00071259 /* RemoveObjectsForKeySample-Info.plist */,
				C20599DE171598AD00071259 /* InfoPlist.strings */,
				C20599E1171598AD00071259 /* main.m */,
				C20599E3171598AD00071259 /* RemoveObjectsForKeySample-Prefix.pch */,
				C20599E7171598AD00071259 /* Default.png */,
				C20599E9171598AD00071259 /* Default@2x.png */,
				C20599EB171598AD00071259 /* Default-568h@2x.png */,
			);
			name = "Supporting Files";
			sourceTree = "<group>";
		};
/* End PBXGroup section */

/* Begin PBXNativeTarget section */
		C20599D1171598AD00071259 /* RemoveObjectsForKeySample */ = {
			isa = PBXNativeTarget;
			buildConfigurationList = C20599F8171598AD00071259 /* Build configuration list for PBXNativeTarget "RemoveObjectsForKeySample" */;
			buildPhases = (
				C20599CE171598AD00071259 /* Sources */,
				C20599CF171598AD00071259 /* Frameworks */,
				C20599D0171598AD00071259 /* Resources */,
			);
			buildRules = (
			);
			dependencies = (
			);
			name = RemoveObjectsForKeySample;
			productName = RemoveObjectsForKeySample;
			productReference = C20599D2171598AD00071259 /* RemoveObjectsForKeySample.app */;
			productType = "com.apple.product-type.application";
		};
/* End PBXNativeTarget section */

/* Begin PBXProject section */
		C20599CA171598AD00071259 /* Project object */ = {
			isa = PBXProject;
			attributes = {
				LastUpgradeCheck = 0460;
				ORGANIZATIONNAME = Dolice;
			};
			buildConfigurationList = C20599CD171598AD00071259 /* Build configuration list for PBXProject "RemoveObjectsForKeySample" */;
			compatibilityVersion = "Xcode 3.2";
			developmentRegion = English;
			hasScannedForEncodings = 0;
			knownRegions = (
				en,
			);
			mainGroup = C20599C9171598AD00071259;
			productRefGroup = C20599D3171598AD00071259 /* Products */;
			projectDirPath = "";
			projectRoot = "";
			targets = (
				C20599D1171598AD00071259 /* RemoveObjectsForKeySample */,
			);
		};
/* End PBXProject section */

/* Begin PBXResourcesBuildPhase section */
		C20599D0171598AD00071259 /* Resources */ = {
			isa = PBXResourcesBuildPhase;
			buildActionMask = 2147483647;
			files = (
				C20599E0171598AD00071259 /* InfoPlist.strings in Resources */,
				C20599E8171598AD00071259 /* Default.png in Resources */,
				C20599EA171598AD00071259 /* Default@2x.png in Resources */,
				C20599EC171598AD00071259 /* Default-568h@2x.png in Resources */,
				C20599EF171598AD00071259 /* MainStoryboard_iPhone.storyboard in Resources */,
				C20599F2171598AD00071259 /* MainStoryboard_iPad.storyboard in Resources */,
			);
			runOnlyForDeploymentPostprocessing = 0;
		};
/* End PBXResourcesBuildPhase section */

/* Begin PBXSourcesBuildPhase section */
		C20599CE171598AD00071259 /* Sources */ = {
			isa = PBXSourcesBuildPhase;
			buildActionMask = 2147483647;
			files = (
				C20599E2171598AD00071259 /* main.m in Sources */,
				C20599E6171598AD00071259 /* AppDelegate.m in Sources */,
				C20599F5171598AD00071259 /* ViewController.m in Sources */,
			);
			runOnlyForDeploymentPostprocessing = 0;
		};
/* End PBXSourcesBuildPhase section */

/* Begin PBXVariantGroup section */
		C20599DE171598AD00071259 /* InfoPlist.strings */ = {
			isa = PBXVariantGroup;
			children = (
				C20599DF171598AD00071259 /* en */,
			);
			name = InfoPlist.strings;
			sourceTree = "<group>";
		};
		C20599ED171598AD00071259 /* MainStoryboard_iPhone.storyboard */ = {
			isa = PBXVariantGroup;
			children = (
				C20599EE171598AD00071259 /* en */,
			);
			name = MainStoryboard_iPhone.storyboard;
			sourceTree = "<group>";
		};
		C20599F0171598AD00071259 /* MainStoryboard_iPad.storyboard */ = {
			isa = PBXVariantGroup;
			children = (
				C20599F1171598AD00071259 /* en */,
			);
			name = MainStoryboard_iPad.storyboard;
			sourceTree = "<group>";
		};
/* End PBXVariantGroup section */

/* Begin XCBuildConfiguration section */
		C20599F6171598AD00071259 /* Debug */ = {
			isa = XCBuildConfiguration;
			buildSettings = {
				ALWAYS_SEARCH_USER_PATHS = NO;
				CLANG_CXX_LANGUAGE_STANDARD = "gnu++0x";
				CLANG_CXX_LIBRARY = "libc++";
				CLANG_ENABLE_OBJC_ARC = YES;
				CLANG_WARN_CONSTANT_CONVERSION = YES;
				CLANG_WARN_EMPTY_BODY = YES;
				CLANG_WARN_ENUM_CONVERSION = YES;
				CLANG_WARN_INT_CONVERSION = YES;
				CLANG_WARN__DUPLICATE_METHOD_MATCH = YES;
				"CODE_SIGN_IDENTITY[sdk=iphoneos*]" = "iPhone Developer";
				COPY_PHASE_STRIP = NO;
				GCC_C_LANGUAGE_STANDARD = gnu99;
				GCC_DYNAMIC_NO_PIC = NO;
				GCC_OPTIMIZATION_LEVEL = 0;
				GCC_PREPROCESSOR_DEFINITIONS = (
					"DEBUG=1",
					"$(inherited)",
				);
				GCC_SYMBOLS_PRIVATE_EXTERN = NO;
				GCC_WARN_ABOUT_RETURN_TYPE = YES;
				GCC_WARN_UNINITIALIZED_AUTOS = YES;
				GCC_WARN_UNUSED_VARIABLE = YES;
				IPHONEOS_DEPLOYMENT_TARGET = 6.1;
				ONLY_ACTIVE_ARCH = YES;
				SDKROOT = iphoneos;
				TARGETED_DEVICE_FAMILY = "1,2";
			};
			name = Debug;
		};
		C20599F7171598AD00071259 /* Release */ = {
			isa = XCBuildConfiguration;
			buildSettings = {
				ALWAYS_SEARCH_USER_PATHS = NO;
				CLANG_CXX_LANGUAGE_STANDARD = "gnu++0x";
				CLANG_CXX_LIBRARY = "libc++";
				CLANG_ENABLE_OBJC_ARC = YES;
				CLANG_WARN_CONSTANT_CONVERSION = YES;
				CLANG_WARN_EMPTY_BODY = YES;
				CLANG_WARN_ENUM_CONVERSION = YES;
				CLANG_WARN_INT_CONVERSION = YES;
				CLANG_WARN__DUPLICATE_METHOD_MATCH = YES;
				"CODE_SIGN_IDENTITY[sdk=iphoneos*]" = "iPhone Developer";
				COPY_PHASE_STRIP = YES;
				GCC_C_LANGUAGE_STANDARD = gnu99;
				GCC_WARN_ABOUT_RETURN_TYPE = YES;
				GCC_WARN_UNINITIALIZED_AUTOS = YES;
				GCC_WARN_UNUSED_VARIABLE = YES;
				IPHONEOS_DEPLOYMENT_TARGET = 6.1;
				OTHER_CFLAGS = "-DNS_BLOCK_ASSERTIONS=1";
				SDKROOT = iphoneos;
				TARGETED_DEVICE_FAMILY = "1,2";
				VALIDATE_PRODUCT = YES;
			};
			name = Release;
		};
		C20599F9171598AD00071259 /* Debug */ = {
			isa = XCBuildConfiguration;
			buildSettings = {
				GCC_PRECOMPILE_PREFIX_HEADER = YES;
				GCC_PREFIX_HEADER = "RemoveObjectsForKeySample/RemoveObjectsForKeySample-Prefix.pch";
				INFOPLIST_FILE = "RemoveObjectsForKeySample/RemoveObjectsForKeySample-Info.plist";
				PRODUCT_NAME = "$(TARGET_NAME)";
				WRAPPER_EXTENSION = app;
			};
			name = Debug;
		};
		C20599FA171598AD00071259 /* Release */ = {
			isa = XCBuildConfiguration;
			buildSettings = {
				GCC_PRECOMPILE_PREFIX_HEADER = YES;
				GCC_PREFIX_HEADER = "RemoveObjectsForKeySample/RemoveObjectsForKeySample-Prefix.pch";
				INFOPLIST_FILE = "RemoveObjectsForKeySample/RemoveObjectsForKeySample-Info.plist";
				PRODUCT_NAME = "$(TARGET_NAME)";
				WRAPPER_EXTENSION = app;
			};
			name = Release;
		};
/* End XCBuildConfiguration section */

/* Begin XCConfigurationList section */
		C20599CD171598AD00071259 /* Build configuration list for PBXProject "RemoveObjectsForKeySample" */ = {
			isa = XCConfigurationList;
			buildConfigurations = (
				C20599F6171598AD00071259 /* Debug */,
				C20599F7171598AD00071259 /* Release */,
			);
			defaultConfigurationIsVisible = 0;
			defaultConfigurationName = Release;
		};
		C20599F8171598AD00071259 /* Build configuration list for PBXNativeTarget "RemoveObjectsForKeySample" */ = {
			isa = XCConfigurationList;
			buildConfigurations = (
				C20599F9171598AD00071259 /* Debug */,
				C20599FA171598AD00071259 /* Release */,
			);
			defaultConfigurationIsVisible = 0;
		};
/* End XCConfigurationList section */
	};
	rootObject = C20599CA171598AD00071259 /* Project object */;
}
